// !$*UTF8*$!
{
	archiveVersion = 1;
	classes = {
	};
	objectVersion = 46;
	objects = {

/* Begin PBXBuildFile section */
		048B466F1A4EBE150069CD87 /* main.cpp in Sources */ = {isa = PBXBuildFile; fileRef = 048B466E1A4EBE150069CD87 /* main.cpp */; };
		048B467E1A4EF2AA0069CD87 /* ps3eye.cpp in Sources */ = {isa = PBXBuildFile; fileRef = 048B467A1A4EF2AA0069CD87 /* ps3eye.cpp */; };
		048B467F1A4EF2AA0069CD87 /* ps3eyedriver.cpp in Sources */ = {isa = PBXBuildFile; fileRef = 048B467C1A4EF2AA0069CD87 /* ps3eyedriver.cpp */; };
		048B468E1A4EF5EE0069CD87 /* libopencv_core.3.0.0.dylib in Frameworks */ = {isa = PBXBuildFile; fileRef = 04E114241A4D8FDE00B47C8A /* libopencv_core.3.0.0.dylib */; };
		048B468F1A4EF5EE0069CD87 /* libopencv_highgui.3.0.0.dylib in Frameworks */ = {isa = PBXBuildFile; fileRef = 04E114251A4D8FDE00B47C8A /* libopencv_highgui.3.0.0.dylib */; };
		048B46901A4EF5EE0069CD87 /* libopencv_imgproc.3.0.0.dylib in Frameworks */ = {isa = PBXBuildFile; fileRef = 04E114281A4D991A00B47C8A /* libopencv_imgproc.3.0.0.dylib */; };
		048B46991A4F02930069CD87 /* psmove_calibration.c in Sources */ = {isa = PBXBuildFile; fileRef = 048B46911A4F02930069CD87 /* psmove_calibration.c */; };
		048B469A1A4F02930069CD87 /* psmove_orientation.c in Sources */ = {isa = PBXBuildFile; fileRef = 048B46931A4F02930069CD87 /* psmove_orientation.c */; };
		048B469C1A4F02930069CD87 /* psmove.c in Sources */ = {isa = PBXBuildFile; fileRef = 048B46981A4F02930069CD87 /* psmove.c */; };
		048B46A01A4F03010069CD87 /* psmove_osxsupport.m in Sources */ = {isa = PBXBuildFile; fileRef = 048B469F1A4F03010069CD87 /* psmove_osxsupport.m */; };
		048B46AD1A4F062D0069CD87 /* moved_client.c in Sources */ = {isa = PBXBuildFile; fileRef = 048B46A81A4F062D0069CD87 /* moved_client.c */; };
		048B46AE1A4F062D0069CD87 /* moved_monitor.c in Sources */ = {isa = PBXBuildFile; fileRef = 048B46AA1A4F062D0069CD87 /* moved_monitor.c */; };
		6AFF04651A78D3D800ED5ACF /* Controller.cpp in Sources */ = {isa = PBXBuildFile; fileRef = 6AFF04631A78D3D800ED5ACF /* Controller.cpp */; };
		6AFF04691A78D42100ED5ACF /* main.cpp in Sources */ = {isa = PBXBuildFile; fileRef = 6AFF04671A78D42100ED5ACF /* main.cpp */; };
/* End PBXBuildFile section */

/* Begin PBXCopyFilesBuildPhase section */
		048B466A1A4EBE150069CD87 /* CopyFiles */ = {
			isa = PBXCopyFilesBuildPhase;
			buildActionMask = 2147483647;
			dstPath = /usr/share/man/man1/;
			dstSubfolderSpec = 0;
			files = (
			);
			runOnlyForDeploymentPostprocessing = 1;
		};
/* End PBXCopyFilesBuildPhase section */

/* Begin PBXFileReference section */
		048B466C1A4EBE150069CD87 /* pseye */ = {isa = PBXFileReference; explicitFileType = "compiled.mach-o.executable"; includeInIndex = 0; path = pseye; sourceTree = BUILT_PRODUCTS_DIR; };
		048B466E1A4EBE150069CD87 /* main.cpp */ = {isa = PBXFileReference; lastKnownFileType = sourcecode.cpp.cpp; path = main.cpp; sourceTree = "<group>"; };
		048B467A1A4EF2AA0069CD87 /* ps3eye.cpp */ = {isa = PBXFileReference; fileEncoding = 4; lastKnownFileType = sourcecode.cpp.cpp; name = ps3eye.cpp; path = pseye_driver/ps3eye.cpp; sourceTree = "<group>"; };
		048B467B1A4EF2AA0069CD87 /* ps3eye.h */ = {isa = PBXFileReference; fileEncoding = 4; lastKnownFileType = sourcecode.c.h; name = ps3eye.h; path = pseye_driver/ps3eye.h; sourceTree = "<group>"; };
		048B467C1A4EF2AA0069CD87 /* ps3eyedriver.cpp */ = {isa = PBXFileReference; fileEncoding = 4; lastKnownFileType = sourcecode.cpp.cpp; name = ps3eyedriver.cpp; path = pseye_driver/ps3eyedriver.cpp; sourceTree = "<group>"; };
		048B467D1A4EF2AA0069CD87 /* ps3eyedriver.h */ = {isa = PBXFileReference; fileEncoding = 4; lastKnownFileType = sourcecode.c.h; name = ps3eyedriver.h; path = pseye_driver/ps3eyedriver.h; sourceTree = "<group>"; };
		048B46911A4F02930069CD87 /* psmove_calibration.c */ = {isa = PBXFileReference; fileEncoding = 4; lastKnownFileType = sourcecode.c.c; name = psmove_calibration.c; path = psmove/psmove_calibration.c; sourceTree = "<group>"; };
		048B46921A4F02930069CD87 /* psmove_calibration.h */ = {isa = PBXFileReference; fileEncoding = 4; lastKnownFileType = sourcecode.c.h; name = psmove_calibration.h; path = psmove/psmove_calibration.h; sourceTree = "<group>"; };
		048B46931A4F02930069CD87 /* psmove_orientation.c */ = {isa = PBXFileReference; fileEncoding = 4; lastKnownFileType = sourcecode.c.c; name = psmove_orientation.c; path = psmove/psmove_orientation.c; sourceTree = "<group>"; };
		048B46941A4F02930069CD87 /* psmove_orientation.h */ = {isa = PBXFileReference; fileEncoding = 4; lastKnownFileType = sourcecode.c.h; name = psmove_orientation.h; path = psmove/psmove_orientation.h; sourceTree = "<group>"; };
		048B46971A4F02930069CD87 /* psmove_private.h */ = {isa = PBXFileReference; fileEncoding = 4; lastKnownFileType = sourcecode.c.h; name = psmove_private.h; path = psmove/psmove_private.h; sourceTree = "<group>"; };
		048B46981A4F02930069CD87 /* psmove.c */ = {isa = PBXFileReference; fileEncoding = 4; lastKnownFileType = sourcecode.c.c; name = psmove.c; path = psmove/psmove.c; sourceTree = "<group>"; };
		048B469E1A4F03010069CD87 /* psmove_osxsupport.h */ = {isa = PBXFileReference; fileEncoding = 4; lastKnownFileType = sourcecode.c.h; name = psmove_osxsupport.h; path = psmove/platform/psmove_osxsupport.h; sourceTree = "<group>"; };
		048B469F1A4F03010069CD87 /* psmove_osxsupport.m */ = {isa = PBXFileReference; fileEncoding = 4; lastKnownFileType = sourcecode.c.objc; name = psmove_osxsupport.m; path = psmove/platform/psmove_osxsupport.m; sourceTree = "<group>"; };
		048B46A81A4F062D0069CD87 /* moved_client.c */ = {isa = PBXFileReference; fileEncoding = 4; lastKnownFileType = sourcecode.c.c; name = moved_client.c; path = psmove/daemon/moved_client.c; sourceTree = "<group>"; };
		048B46A91A4F062D0069CD87 /* moved_client.h */ = {isa = PBXFileReference; fileEncoding = 4; lastKnownFileType = sourcecode.c.h; name = moved_client.h; path = psmove/daemon/moved_client.h; sourceTree = "<group>"; };
		048B46AA1A4F062D0069CD87 /* moved_monitor.c */ = {isa = PBXFileReference; fileEncoding = 4; lastKnownFileType = sourcecode.c.c; name = moved_monitor.c; path = psmove/daemon/moved_monitor.c; sourceTree = "<group>"; };
		048B46AB1A4F062D0069CD87 /* moved_monitor.h */ = {isa = PBXFileReference; fileEncoding = 4; lastKnownFileType = sourcecode.c.h; name = moved_monitor.h; path = psmove/daemon/moved_monitor.h; sourceTree = "<group>"; };
		048B46AC1A4F062D0069CD87 /* psmove_moved_protocol.h */ = {isa = PBXFileReference; fileEncoding = 4; lastKnownFileType = sourcecode.c.h; name = psmove_moved_protocol.h; path = psmove/daemon/psmove_moved_protocol.h; sourceTree = "<group>"; };
		048B46B01A4F0E130069CD87 /* Timer.h */ = {isa = PBXFileReference; lastKnownFileType = sourcecode.c.h; path = Timer.h; sourceTree = "<group>"; };
		048B46B11A4F16CA0069CD87 /* Labeling.h */ = {isa = PBXFileReference; lastKnownFileType = sourcecode.c.h; path = Labeling.h; sourceTree = "<group>"; };
		048B46B21A4F76380069CD87 /* PSMoveTracker.h */ = {isa = PBXFileReference; lastKnownFileType = sourcecode.c.h; path = PSMoveTracker.h; sourceTree = "<group>"; };
		048B46B31A4F770C0069CD87 /* PSEyeCapture.h */ = {isa = PBXFileReference; lastKnownFileType = sourcecode.c.h; path = PSEyeCapture.h; sourceTree = "<group>"; };
		048B46B41A4F8BFA0069CD87 /* MotionDetector.h */ = {isa = PBXFileReference; lastKnownFileType = sourcecode.c.h; path = MotionDetector.h; sourceTree = "<group>"; };
		048B46B51A4F8CFB0069CD87 /* MotionTracker.h */ = {isa = PBXFileReference; lastKnownFileType = sourcecode.c.h; path = MotionTracker.h; sourceTree = "<group>"; };
		04E1141A1A4D858B00B47C8A /* Cocoa.framework */ = {isa = PBXFileReference; lastKnownFileType = wrapper.framework; name = Cocoa.framework; path = System/Library/Frameworks/Cocoa.framework; sourceTree = SDKROOT; };
		04E1141C1A4D859700B47C8A /* CoreFoundation.framework */ = {isa = PBXFileReference; lastKnownFileType = wrapper.framework; name = CoreFoundation.framework; path = System/Library/Frameworks/CoreFoundation.framework; sourceTree = SDKROOT; };
		04E1141E1A4D859C00B47C8A /* IOKit.framework */ = {isa = PBXFileReference; lastKnownFileType = wrapper.framework; name = IOKit.framework; path = System/Library/Frameworks/IOKit.framework; sourceTree = SDKROOT; };
		04E114241A4D8FDE00B47C8A /* libopencv_core.3.0.0.dylib */ = {isa = PBXFileReference; lastKnownFileType = "compiled.mach-o.dylib"; name = libopencv_core.3.0.0.dylib; path = ../../../../../../../usr/local/lib/libopencv_core.3.0.0.dylib; sourceTree = "<group>"; };
		04E114251A4D8FDE00B47C8A /* libopencv_highgui.3.0.0.dylib */ = {isa = PBXFileReference; lastKnownFileType = "compiled.mach-o.dylib"; name = libopencv_highgui.3.0.0.dylib; path = ../../../../../../../usr/local/lib/libopencv_highgui.3.0.0.dylib; sourceTree = "<group>"; };
		04E114281A4D991A00B47C8A /* libopencv_imgproc.3.0.0.dylib */ = {isa = PBXFileReference; lastKnownFileType = "compiled.mach-o.dylib"; name = libopencv_imgproc.3.0.0.dylib; path = ../../../../../../../usr/local/lib/libopencv_imgproc.3.0.0.dylib; sourceTree = "<group>"; };
		6ABAD7E71A78BBB600126E76 /* MotDetecting.h */ = {isa = PBXFileReference; lastKnownFileType = sourcecode.c.h; path = MotDetecting.h; sourceTree = "<group>"; };
		6AFF04631A78D3D800ED5ACF /* Controller.cpp */ = {isa = PBXFileReference; fileEncoding = 4; lastKnownFileType = sourcecode.cpp.cpp; path = Controller.cpp; sourceTree = "<group>"; };
		6AFF04641A78D3D800ED5ACF /* Controller.h */ = {isa = PBXFileReference; fileEncoding = 4; lastKnownFileType = sourcecode.c.h; path = Controller.h; sourceTree = "<group>"; };
		6AFF04671A78D42100ED5ACF /* main.cpp */ = {isa = PBXFileReference; fileEncoding = 4; lastKnownFileType = sourcecode.cpp.cpp; path = main.cpp; sourceTree = "<group>"; };
		6AFF04681A78D42100ED5ACF /* objDetect.h */ = {isa = PBXFileReference; fileEncoding = 4; lastKnownFileType = sourcecode.c.h; path = objDetect.h; sourceTree = "<group>"; };
/* End PBXFileReference section */

/* Begin PBXFrameworksBuildPhase section */
		048B46691A4EBE150069CD87 /* Frameworks */ = {
			isa = PBXFrameworksBuildPhase;
			buildActionMask = 2147483647;
			files = (
				048B46901A4EF5EE0069CD87 /* libopencv_imgproc.3.0.0.dylib in Frameworks */,
				048B468E1A4EF5EE0069CD87 /* libopencv_core.3.0.0.dylib in Frameworks */,
				048B468F1A4EF5EE0069CD87 /* libopencv_highgui.3.0.0.dylib in Frameworks */,
			);
			runOnlyForDeploymentPostprocessing = 0;
		};
/* End PBXFrameworksBuildPhase section */

/* Begin PBXGroup section */
		048B466D1A4EBE150069CD87 /* example */ = {
			isa = PBXGroup;
			children = (
				048B46B11A4F16CA0069CD87 /* Labeling.h */,
				048B46B01A4F0E130069CD87 /* Timer.h */,
				048B466E1A4EBE150069CD87 /* main.cpp */,
				048B46B31A4F770C0069CD87 /* PSEyeCapture.h */,
				048B46B51A4F8CFB0069CD87 /* MotionTracker.h */,
				048B46B21A4F76380069CD87 /* PSMoveTracker.h */,
				048B46B41A4F8BFA0069CD87 /* MotionDetector.h */,
				6ABAD7E71A78BBB600126E76 /* MotDetecting.h */,
			);
			name = example;
			path = pseye;
			sourceTree = "<group>";
		};
		048B46791A4EBE970069CD87 /* pseye_driver */ = {
			isa = PBXGroup;
			children = (
				048B467A1A4EF2AA0069CD87 /* ps3eye.cpp */,
				048B467B1A4EF2AA0069CD87 /* ps3eye.h */,
				048B467C1A4EF2AA0069CD87 /* ps3eyedriver.cpp */,
				048B467D1A4EF2AA0069CD87 /* ps3eyedriver.h */,
			);
			name = pseye_driver;
			sourceTree = "<group>";
		};
		048B469D1A4F02970069CD87 /* psmove */ = {
			isa = PBXGroup;
			children = (
				048B46AF1A4F06320069CD87 /* moved */,
				048B469E1A4F03010069CD87 /* psmove_osxsupport.h */,
				048B469F1A4F03010069CD87 /* psmove_osxsupport.m */,
				048B46911A4F02930069CD87 /* psmove_calibration.c */,
				048B46921A4F02930069CD87 /* psmove_calibration.h */,
				048B46931A4F02930069CD87 /* psmove_orientation.c */,
				048B46941A4F02930069CD87 /* psmove_orientation.h */,
				048B46971A4F02930069CD87 /* psmove_private.h */,
				048B46981A4F02930069CD87 /* psmove.c */,
			);
			name = psmove;
			sourceTree = "<group>";
		};
		048B46AF1A4F06320069CD87 /* moved */ = {
			isa = PBXGroup;
			children = (
				048B46A81A4F062D0069CD87 /* moved_client.c */,
				048B46A91A4F062D0069CD87 /* moved_client.h */,
				048B46AA1A4F062D0069CD87 /* moved_monitor.c */,
				048B46AB1A4F062D0069CD87 /* moved_monitor.h */,
				048B46AC1A4F062D0069CD87 /* psmove_moved_protocol.h */,
			);
			name = moved;
			sourceTree = "<group>";
		};
		04E113871A4D7E4100B47C8A = {
			isa = PBXGroup;
			children = (
				6AFF046A1A78D74D00ED5ACF /* Fairy */,
				6AFF04661A78D40700ED5ACF /* ObjectDetector */,
				6AFF04621A78D28100ED5ACF /* Controller */,
				04E1141E1A4D859C00B47C8A /* IOKit.framework */,
				04E1141C1A4D859700B47C8A /* CoreFoundation.framework */,
				04E1141A1A4D858B00B47C8A /* Cocoa.framework */,
				048B466D1A4EBE150069CD87 /* example */,
				04E113911A4D7E4100B47C8A /* Products */,
				04E114241A4D8FDE00B47C8A /* libopencv_core.3.0.0.dylib */,
				04E114251A4D8FDE00B47C8A /* libopencv_highgui.3.0.0.dylib */,
				04E114281A4D991A00B47C8A /* libopencv_imgproc.3.0.0.dylib */,
				048B46791A4EBE970069CD87 /* pseye_driver */,
				048B469D1A4F02970069CD87 /* psmove */,
			);
			sourceTree = "<group>";
		};
		04E113911A4D7E4100B47C8A /* Products */ = {
			isa = PBXGroup;
			children = (
				048B466C1A4EBE150069CD87 /* pseye */,
			);
			name = Products;
			sourceTree = "<group>";
		};
		6AFF04621A78D28100ED5ACF /* Controller */ = {
			isa = PBXGroup;
			children = (
				6AFF04631A78D3D800ED5ACF /* Controller.cpp */,
				6AFF04641A78D3D800ED5ACF /* Controller.h */,
			);
			name = Controller;
			sourceTree = "<group>";
		};
		6AFF04661A78D40700ED5ACF /* ObjectDetector */ = {
			isa = PBXGroup;
			children = (
				6AFF04671A78D42100ED5ACF /* main.cpp */,
				6AFF04681A78D42100ED5ACF /* objDetect.h */,
			);
			name = ObjectDetector;
			sourceTree = "<group>";
		};
		6AFF046A1A78D74D00ED5ACF /* Fairy */ = {
			isa = PBXGroup;
			children = (
			);
			name = Fairy;
			sourceTree = "<group>";
		};
/* End PBXGroup section */

/* Begin PBXNativeTarget section */
		048B466B1A4EBE150069CD87 /* pseye */ = {
			isa = PBXNativeTarget;
			buildConfigurationList = 048B46721A4EBE150069CD87 /* Build configuration list for PBXNativeTarget "pseye" */;
			buildPhases = (
				048B46681A4EBE150069CD87 /* Sources */,
				048B46691A4EBE150069CD87 /* Frameworks */,
				048B466A1A4EBE150069CD87 /* CopyFiles */,
			);
			buildRules = (
			);
			dependencies = (
			);
			name = pseye;
			productName = pseye;
			productReference = 048B466C1A4EBE150069CD87 /* pseye */;
			productType = "com.apple.product-type.tool";
		};
/* End PBXNativeTarget section */

/* Begin PBXProject section */
		04E113881A4D7E4100B47C8A /* Project object */ = {
			isa = PBXProject;
			attributes = {
				LastUpgradeCheck = 0610;
				ORGANIZATIONNAME = "Yuhei Akamine";
				TargetAttributes = {
					048B466B1A4EBE150069CD87 = {
						CreatedOnToolsVersion = 6.1.1;
					};
				};
			};
			buildConfigurationList = 04E1138B1A4D7E4100B47C8A /* Build configuration list for PBXProject "pseye_" */;
			compatibilityVersion = "Xcode 3.2";
			developmentRegion = English;
			hasScannedForEncodings = 0;
			knownRegions = (
				en,
			);
			mainGroup = 04E113871A4D7E4100B47C8A;
			productRefGroup = 04E113911A4D7E4100B47C8A /* Products */;
			projectDirPath = "";
			projectRoot = "";
			targets = (
				048B466B1A4EBE150069CD87 /* pseye */,
			);
		};
/* End PBXProject section */

/* Begin PBXSourcesBuildPhase section */
		048B46681A4EBE150069CD87 /* Sources */ = {
			isa = PBXSourcesBuildPhase;
			buildActionMask = 2147483647;
			files = (
				048B46AE1A4F062D0069CD87 /* moved_monitor.c in Sources */,
				048B46AD1A4F062D0069CD87 /* moved_client.c in Sources */,
				048B467E1A4EF2AA0069CD87 /* ps3eye.cpp in Sources */,
				048B46A01A4F03010069CD87 /* psmove_osxsupport.m in Sources */,
				6AFF04691A78D42100ED5ACF /* main.cpp in Sources */,
				048B467F1A4EF2AA0069CD87 /* ps3eyedriver.cpp in Sources */,
				048B469C1A4F02930069CD87 /* psmove.c in Sources */,
				048B46991A4F02930069CD87 /* psmove_calibration.c in Sources */,
				6AFF04651A78D3D800ED5ACF /* Controller.cpp in Sources */,
				048B469A1A4F02930069CD87 /* psmove_orientation.c in Sources */,
				048B466F1A4EBE150069CD87 /* main.cpp in Sources */,
			);
			runOnlyForDeploymentPostprocessing = 0;
		};
/* End PBXSourcesBuildPhase section */

/* Begin XCBuildConfiguration section */
		048B46701A4EBE150069CD87 /* Debug */ = {
			isa = XCBuildConfiguration;
			buildSettings = {
				CLANG_ENABLE_OBJC_ARC = NO;
				GCC_PREPROCESSOR_DEFINITIONS = (
					"DEBUG=1",
					"$(inherited)",
				);
				HEADER_SEARCH_PATHS = (
					"$(inherited)",
					/Applications/Xcode.app/Contents/Developer/Toolchains/XcodeDefault.xctoolchain/usr/include,
					/usr/local/include,
				);
				LIBRARY_SEARCH_PATHS = /usr/local/lib;
				OTHER_LDFLAGS = (
					"-lusb-1.0",
					"-lhidapi",
				);
				PRODUCT_NAME = "$(TARGET_NAME)";
				USER_HEADER_SEARCH_PATHS = "/usr/local/include/libusb-1.0 /usr/local/include/hidapi $(PROJECT_DIR)/psmove";
			};
			name = Debug;
		};
		048B46711A4EBE150069CD87 /* Release */ = {
			isa = XCBuildConfiguration;
			buildSettings = {
				CLANG_ENABLE_OBJC_ARC = NO;
				HEADER_SEARCH_PATHS = (
					"$(inherited)",
					/Applications/Xcode.app/Contents/Developer/Toolchains/XcodeDefault.xctoolchain/usr/include,
					/usr/local/include,
				);
				LIBRARY_SEARCH_PATHS = /usr/local/lib;
				OTHER_LDFLAGS = (
					"-lusb-1.0",
					"-lhidapi",
				);
				PRODUCT_NAME = "$(TARGET_NAME)";
				USER_HEADER_SEARCH_PATHS = "/usr/local/include/libusb-1.0 /usr/local/include/hidapi $(PROJECT_DIR)/psmove";
			};
			name = Release;
		};
		04E113951A4D7E4100B47C8A /* Debug */ = {
			isa = XCBuildConfiguration;
			buildSettings = {
				ALWAYS_SEARCH_USER_PATHS = NO;
				CLANG_CXX_LANGUAGE_STANDARD = "gnu++0x";
				CLANG_CXX_LIBRARY = "libc++";
				CLANG_ENABLE_MODULES = YES;
				CLANG_ENABLE_OBJC_ARC = YES;
				CLANG_WARN_BOOL_CONVERSION = YES;
				CLANG_WARN_CONSTANT_CONVERSION = YES;
				CLANG_WARN_DIRECT_OBJC_ISA_USAGE = YES_ERROR;
				CLANG_WARN_EMPTY_BODY = YES;
				CLANG_WARN_ENUM_CONVERSION = YES;
				CLANG_WARN_INT_CONVERSION = YES;
				CLANG_WARN_OBJC_ROOT_CLASS = YES_ERROR;
				CLANG_WARN_UNREACHABLE_CODE = YES;
				CLANG_WARN__DUPLICATE_METHOD_MATCH = YES;
				COPY_PHASE_STRIP = NO;
				ENABLE_STRICT_OBJC_MSGSEND = YES;
				GCC_C_LANGUAGE_STANDARD = gnu99;
				GCC_DYNAMIC_NO_PIC = NO;
				GCC_OPTIMIZATION_LEVEL = 0;
				GCC_PREPROCESSOR_DEFINITIONS = (
					"DEBUG=1",
					"$(inherited)",
				);
				GCC_SYMBOLS_PRIVATE_EXTERN = NO;
				GCC_WARN_64_TO_32_BIT_CONVERSION = YES;
				GCC_WARN_ABOUT_RETURN_TYPE = YES_ERROR;
				GCC_WARN_UNDECLARED_SELECTOR = YES;
				GCC_WARN_UNINITIALIZED_AUTOS = YES_AGGRESSIVE;
				GCC_WARN_UNUSED_FUNCTION = YES;
				GCC_WARN_UNUSED_VARIABLE = YES;
				MACOSX_DEPLOYMENT_TARGET = 10.9;
				MTL_ENABLE_DEBUG_INFO = YES;
				ONLY_ACTIVE_ARCH = YES;
				SDKROOT = macosx10.9;
			};
			name = Debug;
		};
		04E113961A4D7E4100B47C8A /* Release */ = {
			isa = XCBuildConfiguration;
			buildSettings = {
				ALWAYS_SEARCH_USER_PATHS = NO;
				CLANG_CXX_LANGUAGE_STANDARD = "gnu++0x";
				CLANG_CXX_LIBRARY = "libc++";
				CLANG_ENABLE_MODULES = YES;
				CLANG_ENABLE_OBJC_ARC = YES;
				CLANG_WARN_BOOL_CONVERSION = YES;
				CLANG_WARN_CONSTANT_CONVERSION = YES;
				CLANG_WARN_DIRECT_OBJC_ISA_USAGE = YES_ERROR;
				CLANG_WARN_EMPTY_BODY = YES;
				CLANG_WARN_ENUM_CONVERSION = YES;
				CLANG_WARN_INT_CONVERSION = YES;
				CLANG_WARN_OBJC_ROOT_CLASS = YES_ERROR;
				CLANG_WARN_UNREACHABLE_CODE = YES;
				CLANG_WARN__DUPLICATE_METHOD_MATCH = YES;
				COPY_PHASE_STRIP = YES;
				DEBUG_INFORMATION_FORMAT = "dwarf-with-dsym";
				ENABLE_NS_ASSERTIONS = NO;
				ENABLE_STRICT_OBJC_MSGSEND = YES;
				GCC_C_LANGUAGE_STANDARD = gnu99;
				GCC_WARN_64_TO_32_BIT_CONVERSION = YES;
				GCC_WARN_ABOUT_RETURN_TYPE = YES_ERROR;
				GCC_WARN_UNDECLARED_SELECTOR = YES;
				GCC_WARN_UNINITIALIZED_AUTOS = YES_AGGRESSIVE;
				GCC_WARN_UNUSED_FUNCTION = YES;
				GCC_WARN_UNUSED_VARIABLE = YES;
				MACOSX_DEPLOYMENT_TARGET = 10.9;
				MTL_ENABLE_DEBUG_INFO = NO;
				SDKROOT = macosx10.9;
			};
			name = Release;
		};
/* End XCBuildConfiguration section */

/* Begin XCConfigurationList section */
		048B46721A4EBE150069CD87 /* Build configuration list for PBXNativeTarget "pseye" */ = {
			isa = XCConfigurationList;
			buildConfigurations = (
				048B46701A4EBE150069CD87 /* Debug */,
				048B46711A4EBE150069CD87 /* Release */,
			);
			defaultConfigurationIsVisible = 0;
			defaultConfigurationName = Release;
		};
		04E1138B1A4D7E4100B47C8A /* Build configuration list for PBXProject "pseye_" */ = {
			isa = XCConfigurationList;
			buildConfigurations = (
				04E113951A4D7E4100B47C8A /* Debug */,
				04E113961A4D7E4100B47C8A /* Release */,
			);
			defaultConfigurationIsVisible = 0;
			defaultConfigurationName = Release;
		};
/* End XCConfigurationList section */
	};
	rootObject = 04E113881A4D7E4100B47C8A /* Project object */;
}
